
Microsoft Visual Studio Solution File, Format Version 12.00
# Visual Studio Version 16
VisualStudioVersion = 16.0.30114.105
MinimumVisualStudioVersion = 10.0.40219.1
Project("{FAE04EC0-301F-11D3-BF4B-00C04F79EFBC}") = "EComm.Web", "EComm.Web\EComm.Web.csproj", "{E18992D9-E55A-48B4-AD64-9303BA204CBF}"
EndProject
Project("{FAE04EC0-301F-11D3-BF4B-00C04F79EFBC}") = "EComm.Model", "EComm.Model\EComm.Model.csproj", "{7BAEAA66-A1EC-4F7B-A902-8B8A344CD8B6}"
EndProject
Project("{FAE04EC0-301F-11D3-BF4B-00C04F79EFBC}") = "EComm.DataAccess", "EComm.DataAccess\EComm.DataAccess.csproj", "{7C380741-2DE9-4873-9ACF-5CD7DB7ACB1D}"
EndProject
Global
	GlobalSection(SolutionConfigurationPlatforms) = preSolution
		Debug|Any CPU = Debug|Any CPU
		Release|Any CPU = Release|Any CPU
	EndGlobalSection
	GlobalSection(ProjectConfigurationPlatforms) = postSolution
		{E18992D9-E55A-48B4-AD64-9303BA204CBF}.Debug|Any CPU.ActiveCfg = Debug|Any CPU
		{E18992D9-E55A-48B4-AD64-9303BA204CBF}.Debug|Any CPU.Build.0 = Debug|Any CPU
		{E18992D9-E55A-48B4-AD64-9303BA204CBF}.Release|Any CPU.ActiveCfg = Release|Any CPU
		{E18992D9-E55A-48B4-AD64-9303BA204CBF}.Release|Any CPU.Build.0 = Release|Any CPU
		{7BAEAA66-A1EC-4F7B-A902-8B8A344CD8B6}.Debug|Any CPU.ActiveCfg = Debug|Any CPU
		{7BAEAA66-A1EC-4F7B-A902-8B8A344CD8B6}.Debug|Any CPU.Build.0 = Debug|Any CPU
		{7BAEAA66-A1EC-4F7B-A902-8B8A344CD8B6}.Release|Any CPU.ActiveCfg = Release|Any CPU
		{7BAEAA66-A1EC-4F7B-A902-8B8A344CD8B6}.Release|Any CPU.Build.0 = Release|Any CPU
		{7C380741-2DE9-4873-9ACF-5CD7DB7ACB1D}.Debug|Any CPU.ActiveCfg = Debug|Any CPU
		{7C380741-2DE9-4873-9ACF-5CD7DB7ACB1D}.Debug|Any CPU.Build.0 = Debug|Any CPU
		{7C380741-2DE9-4873-9ACF-5CD7DB7ACB1D}.Release|Any CPU.ActiveCfg = Release|Any CPU
		{7C380741-2DE9-4873-9ACF-5CD7DB7ACB1D}.Release|Any CPU.Build.0 = Release|Any CPU
	EndGlobalSection
	GlobalSection(SolutionProperties) = preSolution
		HideSolutionNode = FALSE
	EndGlobalSection
	GlobalSection(ExtensibilityGlobals) = postSolution
		SolutionGuid = {BB628312-9359-49C3-9BED-A0AD7D1CB0AB}
	EndGlobalSection
EndGlobal
