
Microsoft Visual Studio Solution File, Format Version 12.00
# Visual Studio Version 16
VisualStudioVersion = 16.0.30114.105
MinimumVisualStudioVersion = 10.0.40219.1
Project("{FAE04EC0-301F-11D3-BF4B-00C04F79EFBC}") = "EComm.Web", "EComm.Web\EComm.Web.csproj", "{E18992D9-E55A-48B4-AD64-9303BA204CBF}"
EndProject
Global
	GlobalSection(SolutionConfigurationPlatforms) = preSolution
		Debug|Any CPU = Debug|Any CPU
		Release|Any CPU = Release|Any CPU
	EndGlobalSection
	GlobalSection(ProjectConfigurationPlatforms) = postSolution
		{E18992D9-E55A-48B4-AD64-9303BA204CBF}.Debug|Any CPU.ActiveCfg = Debug|Any CPU
		{E18992D9-E55A-48B4-AD64-9303BA204CBF}.Debug|Any CPU.Build.0 = Debug|Any CPU
		{E18992D9-E55A-48B4-AD64-9303BA204CBF}.Release|Any CPU.ActiveCfg = Release|Any CPU
		{E18992D9-E55A-48B4-AD64-9303BA204CBF}.Release|Any CPU.Build.0 = Release|Any CPU
	EndGlobalSection
	GlobalSection(SolutionProperties) = preSolution
		HideSolutionNode = FALSE
	EndGlobalSection
	GlobalSection(ExtensibilityGlobals) = postSolution
		SolutionGuid = {BB628312-9359-49C3-9BED-A0AD7D1CB0AB}
	EndGlobalSection
EndGlobal
